// !$*UTF8*$!
{
	archiveVersion = 1;
	classes = {
	};
	objectVersion = 51;
	objects = {

/* Begin PBXBuildFile section */
		8DB73F9B230C700A001D98E4 /* AppDelegate.swift in Sources */ = {isa = PBXBuildFile; fileRef = 8DB73F9A230C700A001D98E4 /* AppDelegate.swift */; };
		8DB73F9D230C700A001D98E4 /* ViewController.swift in Sources */ = {isa = PBXBuildFile; fileRef = 8DB73F9C230C700A001D98E4 /* ViewController.swift */; };
		8DB73FA0230C700A001D98E4 /* Main.storyboard in Resources */ = {isa = PBXBuildFile; fileRef = 8DB73F9E230C700A001D98E4 /* Main.storyboard */; };
		8DB73FA2230C700B001D98E4 /* Assets.xcassets in Resources */ = {isa = PBXBuildFile; fileRef = 8DB73FA1230C700B001D98E4 /* Assets.xcassets */; };
		8DB73FA5230C700B001D98E4 /* LaunchScreen.storyboard in Resources */ = {isa = PBXBuildFile; fileRef = 8DB73FA3230C700B001D98E4 /* LaunchScreen.storyboard */; };
		8DB73FAD230C725E001D98E4 /* GoogleService-Info.plist in Resources */ = {isa = PBXBuildFile; fileRef = 8DB73FAC230C725E001D98E4 /* GoogleService-Info.plist */; };
		8DB73FAF230C772B001D98E4 /* FirestorePostAutoLiker.swift in Sources */ = {isa = PBXBuildFile; fileRef = 8DB73FAE230C772B001D98E4 /* FirestorePostAutoLiker.swift */; };
		8DB73FB1230C8089001D98E4 /* Post.swift in Sources */ = {isa = PBXBuildFile; fileRef = 8DB73FB0230C8089001D98E4 /* Post.swift */; };
		8DB73FB3230CA6CD001D98E4 /* PostTableViewCell.swift in Sources */ = {isa = PBXBuildFile; fileRef = 8DB73FB2230CA6CD001D98E4 /* PostTableViewCell.swift */; };
		C301DBF3F844D88694C38350 /* Pods_FirestorePatterns.framework in Frameworks */ = {isa = PBXBuildFile; fileRef = 3485C8A881F96FDD59E7EF11 /* Pods_FirestorePatterns.framework */; };
/* End PBXBuildFile section */

/* Begin PBXFileReference section */
		3485C8A881F96FDD59E7EF11 /* Pods_FirestorePatterns.framework */ = {isa = PBXFileReference; explicitFileType = wrapper.framework; includeInIndex = 0; path = Pods_FirestorePatterns.framework; sourceTree = BUILT_PRODUCTS_DIR; };
		8DB73F97230C700A001D98E4 /* FirestorePatterns.app */ = {isa = PBXFileReference; explicitFileType = wrapper.application; includeInIndex = 0; path = FirestorePatterns.app; sourceTree = BUILT_PRODUCTS_DIR; };
		8DB73F9A230C700A001D98E4 /* AppDelegate.swift */ = {isa = PBXFileReference; lastKnownFileType = sourcecode.swift; path = AppDelegate.swift; sourceTree = "<group>"; };
		8DB73F9C230C700A001D98E4 /* ViewController.swift */ = {isa = PBXFileReference; lastKnownFileType = sourcecode.swift; path = ViewController.swift; sourceTree = "<group>"; };
		8DB73F9F230C700A001D98E4 /* Base */ = {isa = PBXFileReference; lastKnownFileType = file.storyboard; name = Base; path = Base.lproj/Main.storyboard; sourceTree = "<group>"; };
		8DB73FA1230C700B001D98E4 /* Assets.xcassets */ = {isa = PBXFileReference; lastKnownFileType = folder.assetcatalog; path = Assets.xcassets; sourceTree = "<group>"; };
		8DB73FA4230C700B001D98E4 /* Base */ = {isa = PBXFileReference; lastKnownFileType = file.storyboard; name = Base; path = Base.lproj/LaunchScreen.storyboard; sourceTree = "<group>"; };
		8DB73FA6230C700B001D98E4 /* Info.plist */ = {isa = PBXFileReference; lastKnownFileType = text.plist.xml; path = Info.plist; sourceTree = "<group>"; };
		8DB73FAC230C725E001D98E4 /* GoogleService-Info.plist */ = {isa = PBXFileReference; fileEncoding = 4; lastKnownFileType = text.plist.xml; path = "GoogleService-Info.plist"; sourceTree = "<group>"; };
		8DB73FAE230C772B001D98E4 /* FirestorePostAutoLiker.swift */ = {isa = PBXFileReference; lastKnownFileType = sourcecode.swift; path = FirestorePostAutoLiker.swift; sourceTree = "<group>"; };
		8DB73FB0230C8089001D98E4 /* Post.swift */ = {isa = PBXFileReference; lastKnownFileType = sourcecode.swift; path = Post.swift; sourceTree = "<group>"; };
		8DB73FB2230CA6CD001D98E4 /* PostTableViewCell.swift */ = {isa = PBXFileReference; lastKnownFileType = sourcecode.swift; path = PostTableViewCell.swift; sourceTree = "<group>"; };
		93E363B031EE3B6523D789F3 /* Pods-FirestorePatterns.release.xcconfig */ = {isa = PBXFileReference; includeInIndex = 1; lastKnownFileType = text.xcconfig; name = "Pods-FirestorePatterns.release.xcconfig"; path = "Target Support Files/Pods-FirestorePatterns/Pods-FirestorePatterns.release.xcconfig"; sourceTree = "<group>"; };
		E8D8D6EA3F2EF5537149AD07 /* Pods-FirestorePatterns.debug.xcconfig */ = {isa = PBXFileReference; includeInIndex = 1; lastKnownFileType = text.xcconfig; name = "Pods-FirestorePatterns.debug.xcconfig"; path = "Target Support Files/Pods-FirestorePatterns/Pods-FirestorePatterns.debug.xcconfig"; sourceTree = "<group>"; };
/* End PBXFileReference section */

/* Begin PBXFrameworksBuildPhase section */
		8DB73F94230C700A001D98E4 /* Frameworks */ = {
			isa = PBXFrameworksBuildPhase;
			buildActionMask = 2147483647;
			files = (
				C301DBF3F844D88694C38350 /* Pods_FirestorePatterns.framework in Frameworks */,
			);
			runOnlyForDeploymentPostprocessing = 0;
		};
/* End PBXFrameworksBuildPhase section */

/* Begin PBXGroup section */
		3841F0F4FB7B663124DA7F25 /* Pods */ = {
			isa = PBXGroup;
			children = (
				E8D8D6EA3F2EF5537149AD07 /* Pods-FirestorePatterns.debug.xcconfig */,
				93E363B031EE3B6523D789F3 /* Pods-FirestorePatterns.release.xcconfig */,
			);
			path = Pods;
			sourceTree = "<group>";
		};
		7164C4D8C24DBD9C00A752D3 /* Frameworks */ = {
			isa = PBXGroup;
			children = (
				3485C8A881F96FDD59E7EF11 /* Pods_FirestorePatterns.framework */,
			);
			name = Frameworks;
			sourceTree = "<group>";
		};
		8DB73F8E230C700A001D98E4 = {
			isa = PBXGroup;
			children = (
				8DB73F99230C700A001D98E4 /* FirestorePatterns */,
				8DB73F98230C700A001D98E4 /* Products */,
				3841F0F4FB7B663124DA7F25 /* Pods */,
				7164C4D8C24DBD9C00A752D3 /* Frameworks */,
			);
			sourceTree = "<group>";
		};
		8DB73F98230C700A001D98E4 /* Products */ = {
			isa = PBXGroup;
			children = (
				8DB73F97230C700A001D98E4 /* FirestorePatterns.app */,
			);
			name = Products;
			sourceTree = "<group>";
		};
		8DB73F99230C700A001D98E4 /* FirestorePatterns */ = {
			isa = PBXGroup;
			children = (
				8DB73FAC230C725E001D98E4 /* GoogleService-Info.plist */,
				8DB73F9A230C700A001D98E4 /* AppDelegate.swift */,
				8DB73F9C230C700A001D98E4 /* ViewController.swift */,
				8DB73FB2230CA6CD001D98E4 /* PostTableViewCell.swift */,
				8DB73FAE230C772B001D98E4 /* FirestorePostAutoLiker.swift */,
				8DB73FB0230C8089001D98E4 /* Post.swift */,
				8DB73F9E230C700A001D98E4 /* Main.storyboard */,
				8DB73FA1230C700B001D98E4 /* Assets.xcassets */,
				8DB73FA3230C700B001D98E4 /* LaunchScreen.storyboard */,
				8DB73FA6230C700B001D98E4 /* Info.plist */,
			);
			path = FirestorePatterns;
			sourceTree = "<group>";
		};
/* End PBXGroup section */

/* Begin PBXNativeTarget section */
		8DB73F96230C700A001D98E4 /* FirestorePatterns */ = {
			isa = PBXNativeTarget;
			buildConfigurationList = 8DB73FA9230C700B001D98E4 /* Build configuration list for PBXNativeTarget "FirestorePatterns" */;
			buildPhases = (
				5CB2EB5F295A84A820A22A76 /* [CP] Check Pods Manifest.lock */,
				8DB73F93230C700A001D98E4 /* Sources */,
				8DB73F94230C700A001D98E4 /* Frameworks */,
				8DB73F95230C700A001D98E4 /* Resources */,
				AB968F835680EE08FB6CE0C3 /* [CP] Embed Pods Frameworks */,
			);
			buildRules = (
			);
			dependencies = (
			);
			name = FirestorePatterns;
			productName = FirestorePatterns;
			productReference = 8DB73F97230C700A001D98E4 /* FirestorePatterns.app */;
			productType = "com.apple.product-type.application";
		};
/* End PBXNativeTarget section */

/* Begin PBXProject section */
		8DB73F8F230C700A001D98E4 /* Project object */ = {
			isa = PBXProject;
			attributes = {
				LastSwiftUpdateCheck = 1020;
				LastUpgradeCheck = 1020;
				ORGANIZATIONNAME = Firebase;
				TargetAttributes = {
					8DB73F96230C700A001D98E4 = {
						CreatedOnToolsVersion = 10.2;
					};
				};
			};
			buildConfigurationList = 8DB73F92230C700A001D98E4 /* Build configuration list for PBXProject "FirestorePatterns" */;
			compatibilityVersion = "Xcode 9.3";
			developmentRegion = en;
			hasScannedForEncodings = 0;
			knownRegions = (
				en,
				Base,
			);
			mainGroup = 8DB73F8E230C700A001D98E4;
			productRefGroup = 8DB73F98230C700A001D98E4 /* Products */;
			projectDirPath = "";
			projectRoot = "";
			targets = (
				8DB73F96230C700A001D98E4 /* FirestorePatterns */,
			);
		};
/* End PBXProject section */

/* Begin PBXResourcesBuildPhase section */
		8DB73F95230C700A001D98E4 /* Resources */ = {
			isa = PBXResourcesBuildPhase;
			buildActionMask = 2147483647;
			files = (
				8DB73FA5230C700B001D98E4 /* LaunchScreen.storyboard in Resources */,
				8DB73FAD230C725E001D98E4 /* GoogleService-Info.plist in Resources */,
				8DB73FA2230C700B001D98E4 /* Assets.xcassets in Resources */,
				8DB73FA0230C700A001D98E4 /* Main.storyboard in Resources */,
			);
			runOnlyForDeploymentPostprocessing = 0;
		};
/* End PBXResourcesBuildPhase section */

/* Begin PBXShellScriptBuildPhase section */
		5CB2EB5F295A84A820A22A76 /* [CP] Check Pods Manifest.lock */ = {
			isa = PBXShellScriptBuildPhase;
			buildActionMask = 2147483647;
			files = (
			);
			inputFileListPaths = (
			);
			inputPaths = (
				"${PODS_PODFILE_DIR_PATH}/Podfile.lock",
				"${PODS_ROOT}/Manifest.lock",
			);
			name = "[CP] Check Pods Manifest.lock";
			outputFileListPaths = (
			);
			outputPaths = (
				"$(DERIVED_FILE_DIR)/Pods-FirestorePatterns-checkManifestLockResult.txt",
			);
			runOnlyForDeploymentPostprocessing = 0;
			shellPath = /bin/sh;
			shellScript = "diff \"${PODS_PODFILE_DIR_PATH}/Podfile.lock\" \"${PODS_ROOT}/Manifest.lock\" > /dev/null\nif [ $? != 0 ] ; then\n    # print error to STDERR\n    echo \"error: The sandbox is not in sync with the Podfile.lock. Run 'pod install' or update your CocoaPods installation.\" >&2\n    exit 1\nfi\n# This output is used by Xcode 'outputs' to avoid re-running this script phase.\necho \"SUCCESS\" > \"${SCRIPT_OUTPUT_FILE_0}\"\n";
			showEnvVarsInLog = 0;
		};
		AB968F835680EE08FB6CE0C3 /* [CP] Embed Pods Frameworks */ = {
			isa = PBXShellScriptBuildPhase;
			buildActionMask = 2147483647;
			files = (
			);
			inputFileListPaths = (
				"${PODS_ROOT}/Target Support Files/Pods-FirestorePatterns/Pods-FirestorePatterns-frameworks-${CONFIGURATION}-input-files.xcfilelist",
			);
			name = "[CP] Embed Pods Frameworks";
			outputFileListPaths = (
				"${PODS_ROOT}/Target Support Files/Pods-FirestorePatterns/Pods-FirestorePatterns-frameworks-${CONFIGURATION}-output-files.xcfilelist",
			);
			runOnlyForDeploymentPostprocessing = 0;
			shellPath = /bin/sh;
			shellScript = "\"${PODS_ROOT}/Target Support Files/Pods-FirestorePatterns/Pods-FirestorePatterns-frameworks.sh\"\n";
			showEnvVarsInLog = 0;
		};
/* End PBXShellScriptBuildPhase section */

/* Begin PBXSourcesBuildPhase section */
		8DB73F93230C700A001D98E4 /* Sources */ = {
			isa = PBXSourcesBuildPhase;
			buildActionMask = 2147483647;
			files = (
				8DB73FB3230CA6CD001D98E4 /* PostTableViewCell.swift in Sources */,
				8DB73F9D230C700A001D98E4 /* ViewController.swift in Sources */,
				8DB73FAF230C772B001D98E4 /* FirestorePostAutoLiker.swift in Sources */,
				8DB73F9B230C700A001D98E4 /* AppDelegate.swift in Sources */,
				8DB73FB1230C8089001D98E4 /* Post.swift in Sources */,
			);
			runOnlyForDeploymentPostprocessing = 0;
		};
/* End PBXSourcesBuildPhase section */

/* Begin PBXVariantGroup section */
		8DB73F9E230C700A001D98E4 /* Main.storyboard */ = {
			isa = PBXVariantGroup;
			children = (
				8DB73F9F230C700A001D98E4 /* Base */,
			);
			name = Main.storyboard;
			sourceTree = "<group>";
		};
		8DB73FA3230C700B001D98E4 /* LaunchScreen.storyboard */ = {
			isa = PBXVariantGroup;
			children = (
				8DB73FA4230C700B001D98E4 /* Base */,
			);
			name = LaunchScreen.storyboard;
			sourceTree = "<group>";
		};
/* End PBXVariantGroup section */

/* Begin XCBuildConfiguration section */
		8DB73FA7230C700B001D98E4 /* Debug */ = {
			isa = XCBuildConfiguration;
			buildSettings = {
				ALWAYS_SEARCH_USER_PATHS = NO;
				CLANG_ANALYZER_NONNULL = YES;
				CLANG_ANALYZER_NUMBER_OBJECT_CONVERSION = YES_AGGRESSIVE;
				CLANG_CXX_LANGUAGE_STANDARD = "gnu++14";
				CLANG_CXX_LIBRARY = "libc++";
				CLANG_ENABLE_MODULES = YES;
				CLANG_ENABLE_OBJC_ARC = YES;
				CLANG_ENABLE_OBJC_WEAK = YES;
				CLANG_WARN_BLOCK_CAPTURE_AUTORELEASING = YES;
				CLANG_WARN_BOOL_CONVERSION = YES;
				CLANG_WARN_COMMA = YES;
				CLANG_WARN_CONSTANT_CONVERSION = YES;
				CLANG_WARN_DEPRECATED_OBJC_IMPLEMENTATIONS = YES;
				CLANG_WARN_DIRECT_OBJC_ISA_USAGE = YES_ERROR;
				CLANG_WARN_DOCUMENTATION_COMMENTS = YES;
				CLANG_WARN_EMPTY_BODY = YES;
				CLANG_WARN_ENUM_CONVERSION = YES;
				CLANG_WARN_INFINITE_RECURSION = YES;
				CLANG_WARN_INT_CONVERSION = YES;
				CLANG_WARN_NON_LITERAL_NULL_CONVERSION = YES;
				CLANG_WARN_OBJC_IMPLICIT_RETAIN_SELF = YES;
				CLANG_WARN_OBJC_LITERAL_CONVERSION = YES;
				CLANG_WARN_OBJC_ROOT_CLASS = YES_ERROR;
				CLANG_WARN_RANGE_LOOP_ANALYSIS = YES;
				CLANG_WARN_STRICT_PROTOTYPES = YES;
				CLANG_WARN_SUSPICIOUS_MOVE = YES;
				CLANG_WARN_UNGUARDED_AVAILABILITY = YES_AGGRESSIVE;
				CLANG_WARN_UNREACHABLE_CODE = YES;
				CLANG_WARN__DUPLICATE_METHOD_MATCH = YES;
				CODE_SIGN_IDENTITY = "iPhone Developer";
				COPY_PHASE_STRIP = NO;
				DEBUG_INFORMATION_FORMAT = dwarf;
				ENABLE_STRICT_OBJC_MSGSEND = YES;
				ENABLE_TESTABILITY = YES;
				GCC_C_LANGUAGE_STANDARD = gnu11;
				GCC_DYNAMIC_NO_PIC = NO;
				GCC_NO_COMMON_BLOCKS = YES;
				GCC_OPTIMIZATION_LEVEL = 0;
				GCC_PREPROCESSOR_DEFINITIONS = (
					"DEBUG=1",
					"$(inherited)",
				);
				GCC_WARN_64_TO_32_BIT_CONVERSION = YES;
				GCC_WARN_ABOUT_RETURN_TYPE = YES_ERROR;
				GCC_WARN_UNDECLARED_SELECTOR = YES;
				GCC_WARN_UNINITIALIZED_AUTOS = YES_AGGRESSIVE;
				GCC_WARN_UNUSED_FUNCTION = YES;
				GCC_WARN_UNUSED_VARIABLE = YES;
				IPHONEOS_DEPLOYMENT_TARGET = 12.2;
				MTL_ENABLE_DEBUG_INFO = INCLUDE_SOURCE;
				MTL_FAST_MATH = YES;
				ONLY_ACTIVE_ARCH = YES;
				SDKROOT = iphoneos;
				SWIFT_ACTIVE_COMPILATION_CONDITIONS = DEBUG;
				SWIFT_OPTIMIZATION_LEVEL = "-Onone";
			};
			name = Debug;
		};
		8DB73FA8230C700B001D98E4 /* Release */ = {
			isa = XCBuildConfiguration;
			buildSettings = {
				ALWAYS_SEARCH_USER_PATHS = NO;
				CLANG_ANALYZER_NONNULL = YES;
				CLANG_ANALYZER_NUMBER_OBJECT_CONVERSION = YES_AGGRESSIVE;
				CLANG_CXX_LANGUAGE_STANDARD = "gnu++14";
				CLANG_CXX_LIBRARY = "libc++";
				CLANG_ENABLE_MODULES = YES;
				CLANG_ENABLE_OBJC_ARC = YES;
				CLANG_ENABLE_OBJC_WEAK = YES;
				CLANG_WARN_BLOCK_CAPTURE_AUTORELEASING = YES;
				CLANG_WARN_BOOL_CONVERSION = YES;
				CLANG_WARN_COMMA = YES;
				CLANG_WARN_CONSTANT_CONVERSION = YES;
				CLANG_WARN_DEPRECATED_OBJC_IMPLEMENTATIONS = YES;
				CLANG_WARN_DIRECT_OBJC_ISA_USAGE = YES_ERROR;
				CLANG_WARN_DOCUMENTATION_COMMENTS = YES;
				CLANG_WARN_EMPTY_BODY = YES;
				CLANG_WARN_ENUM_CONVERSION = YES;
				CLANG_WARN_INFINITE_RECURSION = YES;
				CLANG_WARN_INT_CONVERSION = YES;
				CLANG_WARN_NON_LITERAL_NULL_CONVERSION = YES;
				CLANG_WARN_OBJC_IMPLICIT_RETAIN_SELF = YES;
				CLANG_WARN_OBJC_LITERAL_CONVERSION = YES;
				CLANG_WARN_OBJC_ROOT_CLASS = YES_ERROR;
				CLANG_WARN_RANGE_LOOP_ANALYSIS = YES;
				CLANG_WARN_STRICT_PROTOTYPES = YES;
				CLANG_WARN_SUSPICIOUS_MOVE = YES;
				CLANG_WARN_UNGUARDED_AVAILABILITY = YES_AGGRESSIVE;
				CLANG_WARN_UNREACHABLE_CODE = YES;
				CLANG_WARN__DUPLICATE_METHOD_MATCH = YES;
				CODE_SIGN_IDENTITY = "iPhone Developer";
				COPY_PHASE_STRIP = NO;
				DEBUG_INFORMATION_FORMAT = "dwarf-with-dsym";
				ENABLE_NS_ASSERTIONS = NO;
				ENABLE_STRICT_OBJC_MSGSEND = YES;
				GCC_C_LANGUAGE_STANDARD = gnu11;
				GCC_NO_COMMON_BLOCKS = YES;
				GCC_WARN_64_TO_32_BIT_CONVERSION = YES;
				GCC_WARN_ABOUT_RETURN_TYPE = YES_ERROR;
				GCC_WARN_UNDECLARED_SELECTOR = YES;
				GCC_WARN_UNINITIALIZED_AUTOS = YES_AGGRESSIVE;
				GCC_WARN_UNUSED_FUNCTION = YES;
				GCC_WARN_UNUSED_VARIABLE = YES;
				IPHONEOS_DEPLOYMENT_TARGET = 12.2;
				MTL_ENABLE_DEBUG_INFO = NO;
				MTL_FAST_MATH = YES;
				SDKROOT = iphoneos;
				SWIFT_COMPILATION_MODE = wholemodule;
				SWIFT_OPTIMIZATION_LEVEL = "-O";
				VALIDATE_PRODUCT = YES;
			};
			name = Release;
		};
		8DB73FAA230C700B001D98E4 /* Debug */ = {
			isa = XCBuildConfiguration;
			baseConfigurationReference = E8D8D6EA3F2EF5537149AD07 /* Pods-FirestorePatterns.debug.xcconfig */;
			buildSettings = {
				ASSETCATALOG_COMPILER_APPICON_NAME = AppIcon;
				CODE_SIGN_STYLE = Automatic;
				INFOPLIST_FILE = FirestorePatterns/Info.plist;
				LD_RUNPATH_SEARCH_PATHS = (
					"$(inherited)",
					"@executable_path/Frameworks",
				);
				PRODUCT_BUNDLE_IDENTIFIER = com.firebase.FirestorePatterns;
				PRODUCT_NAME = "$(TARGET_NAME)";
				SWIFT_VERSION = 5.0;
				TARGETED_DEVICE_FAMILY = "1,2";
			};
			name = Debug;
		};
		8DB73FAB230C700B001D98E4 /* Release */ = {
			isa = XCBuildConfiguration;
			baseConfigurationReference = 93E363B031EE3B6523D789F3 /* Pods-FirestorePatterns.release.xcconfig */;
			buildSettings = {
				ASSETCATALOG_COMPILER_APPICON_NAME = AppIcon;
				CODE_SIGN_STYLE = Automatic;
				INFOPLIST_FILE = FirestorePatterns/Info.plist;
				LD_RUNPATH_SEARCH_PATHS = (
					"$(inherited)",
					"@executable_path/Frameworks",
				);
				PRODUCT_BUNDLE_IDENTIFIER = com.firebase.FirestorePatterns;
				PRODUCT_NAME = "$(TARGET_NAME)";
				SWIFT_VERSION = 5.0;
				TARGETED_DEVICE_FAMILY = "1,2";
			};
			name = Release;
		};
/* End XCBuildConfiguration section */

/* Begin XCConfigurationList section */
		8DB73F92230C700A001D98E4 /* Build configuration list for PBXProject "FirestorePatterns" */ = {
			isa = XCConfigurationList;
			buildConfigurations = (
				8DB73FA7230C700B001D98E4 /* Debug */,
				8DB73FA8230C700B001D98E4 /* Release */,
			);
			defaultConfigurationIsVisible = 0;
			defaultConfigurationName = Release;
		};
		8DB73FA9230C700B001D98E4 /* Build configuration list for PBXNativeTarget "FirestorePatterns" */ = {
			isa = XCConfigurationList;
			buildConfigurations = (
				8DB73FAA230C700B001D98E4 /* Debug */,
				8DB73FAB230C700B001D98E4 /* Release */,
			);
			defaultConfigurationIsVisible = 0;
			defaultConfigurationName = Release;
		};
/* End XCConfigurationList section */
	};
	rootObject = 8DB73F8F230C700A001D98E4 /* Project object */;
}
